dependencies:
- name: prometheus
  repository: https://prometheus-community.github.io/helm-charts
  version: 25.8.2
- name: alertmanager
  repository: https://prometheus-community.github.io/helm-charts
  version: 1.7.0
- name: cassandra
  repository: https://charts.bitnami.com/bitnami
  version: 10.6.8
- name: kafka
  repository: https://charts.bitnami.com/bitnami
  version: 26.5.0
- name: zookeeper
  repository: https://charts.bitnami.com/bitnami
  version: 12.3.4
- name: keycloak
  repository: https://charts.bitnami.com/bitnami
  version: 17.3.6
- name: minio
  repository: https://charts.bitnami.com/bitnami
  version: 12.10.10
- name: mongodb
  repository: https://charts.bitnami.com/bitnami
  version: 14.4.2
- name: redis
  repository: https://charts.bitnami.com/bitnami
  version: 18.5.0
- name: spark
  repository: https://charts.bitnami.com/bitnami
  version: 8.1.6
- name: dgraph
  repository: https://charts.dgraph.io
  version: 0.3.0
- name: ratel
  repository: https://charts.dgraph.io
  version: 0.2.0
- name: grafana
  repository: https://grafana.github.io/helm-charts
  version: 7.0.17
- name: loki
  repository: https://grafana.github.io/helm-charts
  version: 5.41.4
- name: jaeger
  repository: https://jaegertracing.github.io/helm-charts
  version: 0.72.1
- name: sentry
  repository: https://sentry-kubernetes.github.io/charts
  version: 20.12.0
- name: sonarqube
  repository: https://SonarSource.github.io/helm-chart-sonarqube
  version: 10.3.0+2009
- name: unleash
  repository: https://unleash.github.io/helm-charts
  version: 3.0.6
- name: vault
  repository: https://helm.releases.hashicorp.com
  version: 0.27.0
digest: sha256:94534f0eee9d73c79a1119d21f4b9d96b0cd2b61b69617ca03c3195104f525d2
generated: "2023-12-17T17:42:02.0913312-07:00"
