# THIS IS AN AUTOGENERATED FILE. DO NOT EDIT THIS FILE DIRECTLY.
# yarn lockfile v1


"@sveltejs/adapter-auto@^2.1.1":
  version "2.1.1"
  resolved "https://registry.yarnpkg.com/@sveltejs/adapter-auto/-/adapter-auto-2.1.1.tgz#e055c71bdb8d2923d63db089752675f70ab1a0f3"
  integrity sha512-nzi6x/7/3Axh5VKQ8Eed3pYxastxoa06Y/bFhWb7h3Nu+nGRVxKAy3+hBJgmPCwWScy8n0TsstZjSVKfyrIHkg==
  dependencies:
    import-meta-resolve "^4.0.0"

import-meta-resolve@^4.0.0:
  version "4.0.0"
  resolved "https://registry.yarnpkg.com/import-meta-resolve/-/import-meta-resolve-4.0.0.tgz#0b1195915689f60ab00f830af0f15cc841e8919e"
  integrity sha512-okYUR7ZQPH+efeuMJGlq4f8ubUgO50kByRPyt/Cy1Io4PSRsPjxME+YlVaCOx+NIToW7hCsZNFJyTPFFKepRSA==
